// !$*UTF8*$!
{
	archiveVersion = 1;
	classes = {
	};
	objectVersion = 46;
	objects = {

/* Begin PBXBuildFile section */
		9BBEBF4F1C5343BF00616059 /* AppDelegate.swift in Sources */ = {isa = PBXBuildFile; fileRef = 9BBEBF4E1C5343BF00616059 /* AppDelegate.swift */; };
		9BBEBF511C5343BF00616059 /* ViewController.swift in Sources */ = {isa = PBXBuildFile; fileRef = 9BBEBF501C5343BF00616059 /* ViewController.swift */; };
		9BBEBF541C5343BF00616059 /* Main.storyboard in Resources */ = {isa = PBXBuildFile; fileRef = 9BBEBF521C5343BF00616059 /* Main.storyboard */; };
		9BBEBF561C5343BF00616059 /* Assets.xcassets in Resources */ = {isa = PBXBuildFile; fileRef = 9BBEBF551C5343BF00616059 /* Assets.xcassets */; };
		9BBEBF591C5343BF00616059 /* LaunchScreen.storyboard in Resources */ = {isa = PBXBuildFile; fileRef = 9BBEBF571C5343BF00616059 /* LaunchScreen.storyboard */; };
		9BBEBF621C53C73F00616059 /* PatientsViewController.swift in Sources */ = {isa = PBXBuildFile; fileRef = 9BBEBF611C53C73F00616059 /* PatientsViewController.swift */; };
		9BBEBF641C53DC8600616059 /* OAuthManager.swift in Sources */ = {isa = PBXBuildFile; fileRef = 9BBEBF631C53DC8600616059 /* OAuthManager.swift */; };
		CBAB66C975B7434323F3E401 /* Pods_KangooBear.framework in Frameworks */ = {isa = PBXBuildFile; fileRef = 6728CAB087B79ED65CE32456 /* Pods_KangooBear.framework */; };
		EAD5ED31E8FE18D652EA21FD /* Pods_KangooBear_KangooBear.framework in Frameworks */ = {isa = PBXBuildFile; fileRef = B8BBC85083661A940E0CAE9F /* Pods_KangooBear_KangooBear.framework */; };
/* End PBXBuildFile section */

/* Begin PBXFileReference section */
		6728CAB087B79ED65CE32456 /* Pods_KangooBear.framework */ = {isa = PBXFileReference; explicitFileType = wrapper.framework; includeInIndex = 0; path = Pods_KangooBear.framework; sourceTree = BUILT_PRODUCTS_DIR; };
		8357C25A366322CBC11C0E5C /* Pods-KangooBear.debug.xcconfig */ = {isa = PBXFileReference; includeInIndex = 1; lastKnownFileType = text.xcconfig; name = "Pods-KangooBear.debug.xcconfig"; path = "Pods/Target Support Files/Pods-KangooBear/Pods-KangooBear.debug.xcconfig"; sourceTree = "<group>"; };
		9BBEBF4B1C5343BF00616059 /* KangooBear.app */ = {isa = PBXFileReference; explicitFileType = wrapper.application; includeInIndex = 0; path = KangooBear.app; sourceTree = BUILT_PRODUCTS_DIR; };
		9BBEBF4E1C5343BF00616059 /* AppDelegate.swift */ = {isa = PBXFileReference; lastKnownFileType = sourcecode.swift; path = AppDelegate.swift; sourceTree = "<group>"; };
		9BBEBF501C5343BF00616059 /* ViewController.swift */ = {isa = PBXFileReference; lastKnownFileType = sourcecode.swift; path = ViewController.swift; sourceTree = "<group>"; };
		9BBEBF531C5343BF00616059 /* Base */ = {isa = PBXFileReference; lastKnownFileType = file.storyboard; name = Base; path = Base.lproj/Main.storyboard; sourceTree = "<group>"; };
		9BBEBF551C5343BF00616059 /* Assets.xcassets */ = {isa = PBXFileReference; lastKnownFileType = folder.assetcatalog; path = Assets.xcassets; sourceTree = "<group>"; };
		9BBEBF581C5343BF00616059 /* Base */ = {isa = PBXFileReference; lastKnownFileType = file.storyboard; name = Base; path = Base.lproj/LaunchScreen.storyboard; sourceTree = "<group>"; };
		9BBEBF5A1C5343BF00616059 /* Info.plist */ = {isa = PBXFileReference; lastKnownFileType = text.plist.xml; path = Info.plist; sourceTree = "<group>"; };
		9BBEBF611C53C73F00616059 /* PatientsViewController.swift */ = {isa = PBXFileReference; fileEncoding = 4; lastKnownFileType = sourcecode.swift; path = PatientsViewController.swift; sourceTree = "<group>"; };
		9BBEBF631C53DC8600616059 /* OAuthManager.swift */ = {isa = PBXFileReference; fileEncoding = 4; lastKnownFileType = sourcecode.swift; path = OAuthManager.swift; sourceTree = "<group>"; };
		ACACFD03630DCB6350781A59 /* Pods-KangooBear.release.xcconfig */ = {isa = PBXFileReference; includeInIndex = 1; lastKnownFileType = text.xcconfig; name = "Pods-KangooBear.release.xcconfig"; path = "Pods/Target Support Files/Pods-KangooBear/Pods-KangooBear.release.xcconfig"; sourceTree = "<group>"; };
		B8BBC85083661A940E0CAE9F /* Pods_KangooBear_KangooBear.framework */ = {isa = PBXFileReference; explicitFileType = wrapper.framework; includeInIndex = 0; path = Pods_KangooBear_KangooBear.framework; sourceTree = BUILT_PRODUCTS_DIR; };
/* End PBXFileReference section */

/* Begin PBXFrameworksBuildPhase section */
		9BBEBF481C5343BF00616059 /* Frameworks */ = {
			isa = PBXFrameworksBuildPhase;
			buildActionMask = 2147483647;
			files = (
				CBAB66C975B7434323F3E401 /* Pods_KangooBear.framework in Frameworks */,
				EAD5ED31E8FE18D652EA21FD /* Pods_KangooBear_KangooBear.framework in Frameworks */,
			);
			runOnlyForDeploymentPostprocessing = 0;
		};
/* End PBXFrameworksBuildPhase section */

/* Begin PBXGroup section */
		482A3A2547F1ED03D38FA62A /* Frameworks */ = {
			isa = PBXGroup;
			children = (
				6728CAB087B79ED65CE32456 /* Pods_KangooBear.framework */,
				B8BBC85083661A940E0CAE9F /* Pods_KangooBear_KangooBear.framework */,
			);
			name = Frameworks;
			sourceTree = "<group>";
		};
		4D66E92C167E7091153D4C83 /* Pods */ = {
			isa = PBXGroup;
			children = (
				8357C25A366322CBC11C0E5C /* Pods-KangooBear.debug.xcconfig */,
				ACACFD03630DCB6350781A59 /* Pods-KangooBear.release.xcconfig */,
			);
			name = Pods;
			sourceTree = "<group>";
		};
		9BBEBF421C5343BF00616059 = {
			isa = PBXGroup;
			children = (
				9BBEBF4D1C5343BF00616059 /* KangooBear */,
				9BBEBF4C1C5343BF00616059 /* Products */,
				4D66E92C167E7091153D4C83 /* Pods */,
				482A3A2547F1ED03D38FA62A /* Frameworks */,
			);
			sourceTree = "<group>";
		};
		9BBEBF4C1C5343BF00616059 /* Products */ = {
			isa = PBXGroup;
			children = (
				9BBEBF4B1C5343BF00616059 /* KangooBear.app */,
			);
			name = Products;
			sourceTree = "<group>";
		};
		9BBEBF4D1C5343BF00616059 /* KangooBear */ = {
			isa = PBXGroup;
			children = (
				9BBEBF4E1C5343BF00616059 /* AppDelegate.swift */,
				9BBEBF501C5343BF00616059 /* ViewController.swift */,
				9BBEBF611C53C73F00616059 /* PatientsViewController.swift */,
				9BBEBF631C53DC8600616059 /* OAuthManager.swift */,
				9BBEBF521C5343BF00616059 /* Main.storyboard */,
				9BBEBF551C5343BF00616059 /* Assets.xcassets */,
				9BBEBF571C5343BF00616059 /* LaunchScreen.storyboard */,
				9BBEBF5A1C5343BF00616059 /* Info.plist */,
			);
			path = KangooBear;
			sourceTree = "<group>";
		};
/* End PBXGroup section */

/* Begin PBXNativeTarget section */
		9BBEBF4A1C5343BF00616059 /* KangooBear */ = {
			isa = PBXNativeTarget;
			buildConfigurationList = 9BBEBF5D1C5343BF00616059 /* Build configuration list for PBXNativeTarget "KangooBear" */;
			buildPhases = (
				773E2D172EC518207EB3BA9A /* Check Pods Manifest.lock */,
				9BBEBF471C5343BF00616059 /* Sources */,
				9BBEBF481C5343BF00616059 /* Frameworks */,
				9BBEBF491C5343BF00616059 /* Resources */,
				D217EC0210EC7C4EF3723D42 /* Embed Pods Frameworks */,
				510D5DCA7A1FFF2B04B24C28 /* Copy Pods Resources */,
			);
			buildRules = (
			);
			dependencies = (
			);
			name = KangooBear;
			productName = KangooBear;
			productReference = 9BBEBF4B1C5343BF00616059 /* KangooBear.app */;
			productType = "com.apple.product-type.application";
		};
/* End PBXNativeTarget section */

/* Begin PBXProject section */
		9BBEBF431C5343BF00616059 /* Project object */ = {
			isa = PBXProject;
			attributes = {
				LastSwiftUpdateCheck = 0720;
				LastUpgradeCheck = 0720;
				ORGANIZATIONNAME = MultiEducator;
				TargetAttributes = {
					9BBEBF4A1C5343BF00616059 = {
						CreatedOnToolsVersion = 7.2;
					};
				};
			};
			buildConfigurationList = 9BBEBF461C5343BF00616059 /* Build configuration list for PBXProject "KangooBear" */;
			compatibilityVersion = "Xcode 3.2";
			developmentRegion = English;
			hasScannedForEncodings = 0;
			knownRegions = (
				en,
				Base,
			);
			mainGroup = 9BBEBF421C5343BF00616059;
			productRefGroup = 9BBEBF4C1C5343BF00616059 /* Products */;
			projectDirPath = "";
			projectRoot = "";
			targets = (
				9BBEBF4A1C5343BF00616059 /* KangooBear */,
			);
		};
/* End PBXProject section */

/* Begin PBXResourcesBuildPhase section */
		9BBEBF491C5343BF00616059 /* Resources */ = {
			isa = PBXResourcesBuildPhase;
			buildActionMask = 2147483647;
			files = (
				9BBEBF591C5343BF00616059 /* LaunchScreen.storyboard in Resources */,
				9BBEBF561C5343BF00616059 /* Assets.xcassets in Resources */,
				9BBEBF541C5343BF00616059 /* Main.storyboard in Resources */,
			);
			runOnlyForDeploymentPostprocessing = 0;
		};
/* End PBXResourcesBuildPhase section */

/* Begin PBXShellScriptBuildPhase section */
		510D5DCA7A1FFF2B04B24C28 /* Copy Pods Resources */ = {
			isa = PBXShellScriptBuildPhase;
			buildActionMask = 2147483647;
			files = (
			);
			inputPaths = (
			);
			name = "Copy Pods Resources";
			outputPaths = (
			);
			runOnlyForDeploymentPostprocessing = 0;
			shellPath = /bin/sh;
			shellScript = "\"${SRCROOT}/Pods/Target Support Files/Pods-KangooBear-KangooBear/Pods-KangooBear-KangooBear-resources.sh\"\n";
			showEnvVarsInLog = 0;
		};
		773E2D172EC518207EB3BA9A /* Check Pods Manifest.lock */ = {
			isa = PBXShellScriptBuildPhase;
			buildActionMask = 2147483647;
			files = (
			);
			inputPaths = (
			);
			name = "Check Pods Manifest.lock";
			outputPaths = (
			);
			runOnlyForDeploymentPostprocessing = 0;
			shellPath = /bin/sh;
			shellScript = "diff \"${PODS_ROOT}/../Podfile.lock\" \"${PODS_ROOT}/Manifest.lock\" > /dev/null\nif [[ $? != 0 ]] ; then\n    cat << EOM\nerror: The sandbox is not in sync with the Podfile.lock. Run 'pod install' or update your CocoaPods installation.\nEOM\n    exit 1\nfi\n";
			showEnvVarsInLog = 0;
		};
		D217EC0210EC7C4EF3723D42 /* Embed Pods Frameworks */ = {
			isa = PBXShellScriptBuildPhase;
			buildActionMask = 2147483647;
			files = (
			);
			inputPaths = (
			);
			name = "Embed Pods Frameworks";
			outputPaths = (
			);
			runOnlyForDeploymentPostprocessing = 0;
			shellPath = /bin/sh;
			shellScript = "\"${SRCROOT}/Pods/Target Support Files/Pods-KangooBear-KangooBear/Pods-KangooBear-KangooBear-frameworks.sh\"\n";
			showEnvVarsInLog = 0;
		};
/* End PBXShellScriptBuildPhase section */

/* Begin PBXSourcesBuildPhase section */
		9BBEBF471C5343BF00616059 /* Sources */ = {
			isa = PBXSourcesBuildPhase;
			buildActionMask = 2147483647;
			files = (
				9BBEBF621C53C73F00616059 /* PatientsViewController.swift in Sources */,
				9BBEBF641C53DC8600616059 /* OAuthManager.swift in Sources */,
				9BBEBF511C5343BF00616059 /* ViewController.swift in Sources */,
				9BBEBF4F1C5343BF00616059 /* AppDelegate.swift in Sources */,
			);
			runOnlyForDeploymentPostprocessing = 0;
		};
/* End PBXSourcesBuildPhase section */

/* Begin PBXVariantGroup section */
		9BBEBF521C5343BF00616059 /* Main.storyboard */ = {
			isa = PBXVariantGroup;
			children = (
				9BBEBF531C5343BF00616059 /* Base */,
			);
			name = Main.storyboard;
			sourceTree = "<group>";
		};
		9BBEBF571C5343BF00616059 /* LaunchScreen.storyboard */ = {
			isa = PBXVariantGroup;
			children = (
				9BBEBF581C5343BF00616059 /* Base */,
			);
			name = LaunchScreen.storyboard;
			sourceTree = "<group>";
		};
/* End PBXVariantGroup section */

/* Begin XCBuildConfiguration section */
		9BBEBF5B1C5343BF00616059 /* Debug */ = {
			isa = XCBuildConfiguration;
			buildSettings = {
				ALWAYS_SEARCH_USER_PATHS = NO;
				CLANG_CXX_LANGUAGE_STANDARD = "gnu++0x";
				CLANG_CXX_LIBRARY = "libc++";
				CLANG_ENABLE_MODULES = YES;
				CLANG_ENABLE_OBJC_ARC = YES;
				CLANG_WARN_BOOL_CONVERSION = YES;
				CLANG_WARN_CONSTANT_CONVERSION = YES;
				CLANG_WARN_DIRECT_OBJC_ISA_USAGE = YES_ERROR;
				CLANG_WARN_EMPTY_BODY = YES;
				CLANG_WARN_ENUM_CONVERSION = YES;
				CLANG_WARN_INT_CONVERSION = YES;
				CLANG_WARN_OBJC_ROOT_CLASS = YES_ERROR;
				CLANG_WARN_UNREACHABLE_CODE = YES;
				CLANG_WARN__DUPLICATE_METHOD_MATCH = YES;
				"CODE_SIGN_IDENTITY[sdk=iphoneos*]" = "iPhone Developer";
				COPY_PHASE_STRIP = NO;
				DEBUG_INFORMATION_FORMAT = dwarf;
				ENABLE_STRICT_OBJC_MSGSEND = YES;
				ENABLE_TESTABILITY = YES;
				GCC_C_LANGUAGE_STANDARD = gnu99;
				GCC_DYNAMIC_NO_PIC = NO;
				GCC_NO_COMMON_BLOCKS = YES;
				GCC_OPTIMIZATION_LEVEL = 0;
				GCC_PREPROCESSOR_DEFINITIONS = (
					"DEBUG=1",
					"$(inherited)",
				);
				GCC_WARN_64_TO_32_BIT_CONVERSION = YES;
				GCC_WARN_ABOUT_RETURN_TYPE = YES_ERROR;
				GCC_WARN_UNDECLARED_SELECTOR = YES;
				GCC_WARN_UNINITIALIZED_AUTOS = YES_AGGRESSIVE;
				GCC_WARN_UNUSED_FUNCTION = YES;
				GCC_WARN_UNUSED_VARIABLE = YES;
				IPHONEOS_DEPLOYMENT_TARGET = 9.2;
				MTL_ENABLE_DEBUG_INFO = YES;
				ONLY_ACTIVE_ARCH = YES;
				SDKROOT = iphoneos;
				SWIFT_OPTIMIZATION_LEVEL = "-Onone";
			};
			name = Debug;
		};
		9BBEBF5C1C5343BF00616059 /* Release */ = {
			isa = XCBuildConfiguration;
			buildSettings = {
				ALWAYS_SEARCH_USER_PATHS = NO;
				CLANG_CXX_LANGUAGE_STANDARD = "gnu++0x";
				CLANG_CXX_LIBRARY = "libc++";
				CLANG_ENABLE_MODULES = YES;
				CLANG_ENABLE_OBJC_ARC = YES;
				CLANG_WARN_BOOL_CONVERSION = YES;
				CLANG_WARN_CONSTANT_CONVERSION = YES;
				CLANG_WARN_DIRECT_OBJC_ISA_USAGE = YES_ERROR;
				CLANG_WARN_EMPTY_BODY = YES;
				CLANG_WARN_ENUM_CONVERSION = YES;
				CLANG_WARN_INT_CONVERSION = YES;
				CLANG_WARN_OBJC_ROOT_CLASS = YES_ERROR;
				CLANG_WARN_UNREACHABLE_CODE = YES;
				CLANG_WARN__DUPLICATE_METHOD_MATCH = YES;
				"CODE_SIGN_IDENTITY[sdk=iphoneos*]" = "iPhone Developer";
				COPY_PHASE_STRIP = NO;
				DEBUG_INFORMATION_FORMAT = "dwarf-with-dsym";
				ENABLE_NS_ASSERTIONS = NO;
				ENABLE_STRICT_OBJC_MSGSEND = YES;
				GCC_C_LANGUAGE_STANDARD = gnu99;
				GCC_NO_COMMON_BLOCKS = YES;
				GCC_WARN_64_TO_32_BIT_CONVERSION = YES;
				GCC_WARN_ABOUT_RETURN_TYPE = YES_ERROR;
				GCC_WARN_UNDECLARED_SELECTOR = YES;
				GCC_WARN_UNINITIALIZED_AUTOS = YES_AGGRESSIVE;
				GCC_WARN_UNUSED_FUNCTION = YES;
				GCC_WARN_UNUSED_VARIABLE = YES;
				IPHONEOS_DEPLOYMENT_TARGET = 9.2;
				MTL_ENABLE_DEBUG_INFO = NO;
				SDKROOT = iphoneos;
				VALIDATE_PRODUCT = YES;
			};
			name = Release;
		};
		9BBEBF5E1C5343BF00616059 /* Debug */ = {
			isa = XCBuildConfiguration;
			baseConfigurationReference = 8357C25A366322CBC11C0E5C /* Pods-KangooBear.debug.xcconfig */;
			buildSettings = {
				ASSETCATALOG_COMPILER_APPICON_NAME = AppIcon;
				INFOPLIST_FILE = KangooBear/Info.plist;
				LD_RUNPATH_SEARCH_PATHS = "$(inherited) @executable_path/Frameworks";
				PRODUCT_BUNDLE_IDENTIFIER = net.multieducator.KangooBear;
				PRODUCT_NAME = "$(TARGET_NAME)";
			};
			name = Debug;
		};
		9BBEBF5F1C5343BF00616059 /* Release */ = {
			isa = XCBuildConfiguration;
			baseConfigurationReference = ACACFD03630DCB6350781A59 /* Pods-KangooBear.release.xcconfig */;
			buildSettings = {
				ASSETCATALOG_COMPILER_APPICON_NAME = AppIcon;
				INFOPLIST_FILE = KangooBear/Info.plist;
				LD_RUNPATH_SEARCH_PATHS = "$(inherited) @executable_path/Frameworks";
				PRODUCT_BUNDLE_IDENTIFIER = net.multieducator.KangooBear;
				PRODUCT_NAME = "$(TARGET_NAME)";
			};
			name = Release;
		};
/* End XCBuildConfiguration section */

/* Begin XCConfigurationList section */
		9BBEBF461C5343BF00616059 /* Build configuration list for PBXProject "KangooBear" */ = {
			isa = XCConfigurationList;
			buildConfigurations = (
				9BBEBF5B1C5343BF00616059 /* Debug */,
				9BBEBF5C1C5343BF00616059 /* Release */,
			);
			defaultConfigurationIsVisible = 0;
			defaultConfigurationName = Release;
		};
		9BBEBF5D1C5343BF00616059 /* Build configuration list for PBXNativeTarget "KangooBear" */ = {
			isa = XCConfigurationList;
			buildConfigurations = (
				9BBEBF5E1C5343BF00616059 /* Debug */,
				9BBEBF5F1C5343BF00616059 /* Release */,
			);
			defaultConfigurationIsVisible = 0;
			defaultConfigurationName = Release;
		};
/* End XCConfigurationList section */
	};
	rootObject = 9BBEBF431C5343BF00616059 /* Project object */;
}
